
Microsoft Visual Studio Solution File, Format Version 12.00
# Visual Studio 15
VisualStudioVersion = 15.0.28307.1684
MinimumVisualStudioVersion = 10.0.40219.1
Project("{FAE04EC0-301F-11D3-BF4B-00C04F79EFBC}") = "OnlineStore", "OnlineStore\OnlineStore.csproj", "{CD8816BB-944C-4773-A918-58E045731D4C}"
EndProject
Project("{FAE04EC0-301F-11D3-BF4B-00C04F79EFBC}") = "Shop.BackEnd", "Shop.BackEnd\Shop.BackEnd.csproj", "{D52630DA-801D-4BFA-8EF6-7AE8295D3435}"
EndProject
Project("{FAE04EC0-301F-11D3-BF4B-00C04F79EFBC}") = "Shop.Models", "Shop.Models\Shop.Models.csproj", "{510BE512-97A9-4CFC-8BE7-CE70667E84CE}"
EndProject
Global
	GlobalSection(SolutionConfigurationPlatforms) = preSolution
		Debug|Any CPU = Debug|Any CPU
		Release|Any CPU = Release|Any CPU
	EndGlobalSection
	GlobalSection(ProjectConfigurationPlatforms) = postSolution
		{CD8816BB-944C-4773-A918-58E045731D4C}.Debug|Any CPU.ActiveCfg = Debug|Any CPU
		{CD8816BB-944C-4773-A918-58E045731D4C}.Debug|Any CPU.Build.0 = Debug|Any CPU
		{CD8816BB-944C-4773-A918-58E045731D4C}.Release|Any CPU.ActiveCfg = Release|Any CPU
		{CD8816BB-944C-4773-A918-58E045731D4C}.Release|Any CPU.Build.0 = Release|Any CPU
		{D52630DA-801D-4BFA-8EF6-7AE8295D3435}.Debug|Any CPU.ActiveCfg = Debug|Any CPU
		{D52630DA-801D-4BFA-8EF6-7AE8295D3435}.Debug|Any CPU.Build.0 = Debug|Any CPU
		{D52630DA-801D-4BFA-8EF6-7AE8295D3435}.Release|Any CPU.ActiveCfg = Release|Any CPU
		{D52630DA-801D-4BFA-8EF6-7AE8295D3435}.Release|Any CPU.Build.0 = Release|Any CPU
		{510BE512-97A9-4CFC-8BE7-CE70667E84CE}.Debug|Any CPU.ActiveCfg = Debug|Any CPU
		{510BE512-97A9-4CFC-8BE7-CE70667E84CE}.Debug|Any CPU.Build.0 = Debug|Any CPU
		{510BE512-97A9-4CFC-8BE7-CE70667E84CE}.Release|Any CPU.ActiveCfg = Release|Any CPU
		{510BE512-97A9-4CFC-8BE7-CE70667E84CE}.Release|Any CPU.Build.0 = Release|Any CPU
	EndGlobalSection
	GlobalSection(SolutionProperties) = preSolution
		HideSolutionNode = FALSE
	EndGlobalSection
	GlobalSection(ExtensibilityGlobals) = postSolution
		SolutionGuid = {1B27480F-3978-4231-88F2-9C6BC77B1F9D}
	EndGlobalSection
EndGlobal
