
Microsoft Visual Studio Solution File, Format Version 12.00
# Visual Studio 15
VisualStudioVersion = 15.0.28307.1684
MinimumVisualStudioVersion = 10.0.40219.1
Project("{FAE04EC0-301F-11D3-BF4B-00C04F79EFBC}") = "MyOnlineStore", "MyOnlineStore\MyOnlineStore.csproj", "{AA3418EF-C7AE-4A83-8931-139E807A14FC}"
EndProject
Project("{FAE04EC0-301F-11D3-BF4B-00C04F79EFBC}") = "ShopBackEnd", "ShopBackEnd\ShopBackEnd.csproj", "{CF88EBE7-2294-41E9-8489-774936E5DB85}"
EndProject
Project("{FAE04EC0-301F-11D3-BF4B-00C04F79EFBC}") = "ShopModels", "ShopModels\ShopModels.csproj", "{2F0DE895-E9E6-402D-B0D8-E703B855ADA9}"
EndProject
Global
	GlobalSection(SolutionConfigurationPlatforms) = preSolution
		Debug|Any CPU = Debug|Any CPU
		Release|Any CPU = Release|Any CPU
	EndGlobalSection
	GlobalSection(ProjectConfigurationPlatforms) = postSolution
		{AA3418EF-C7AE-4A83-8931-139E807A14FC}.Debug|Any CPU.ActiveCfg = Debug|Any CPU
		{AA3418EF-C7AE-4A83-8931-139E807A14FC}.Debug|Any CPU.Build.0 = Debug|Any CPU
		{AA3418EF-C7AE-4A83-8931-139E807A14FC}.Release|Any CPU.ActiveCfg = Release|Any CPU
		{AA3418EF-C7AE-4A83-8931-139E807A14FC}.Release|Any CPU.Build.0 = Release|Any CPU
		{CF88EBE7-2294-41E9-8489-774936E5DB85}.Debug|Any CPU.ActiveCfg = Debug|Any CPU
		{CF88EBE7-2294-41E9-8489-774936E5DB85}.Debug|Any CPU.Build.0 = Debug|Any CPU
		{CF88EBE7-2294-41E9-8489-774936E5DB85}.Release|Any CPU.ActiveCfg = Release|Any CPU
		{CF88EBE7-2294-41E9-8489-774936E5DB85}.Release|Any CPU.Build.0 = Release|Any CPU
		{2F0DE895-E9E6-402D-B0D8-E703B855ADA9}.Debug|Any CPU.ActiveCfg = Debug|Any CPU
		{2F0DE895-E9E6-402D-B0D8-E703B855ADA9}.Debug|Any CPU.Build.0 = Debug|Any CPU
		{2F0DE895-E9E6-402D-B0D8-E703B855ADA9}.Release|Any CPU.ActiveCfg = Release|Any CPU
		{2F0DE895-E9E6-402D-B0D8-E703B855ADA9}.Release|Any CPU.Build.0 = Release|Any CPU
	EndGlobalSection
	GlobalSection(SolutionProperties) = preSolution
		HideSolutionNode = FALSE
	EndGlobalSection
	GlobalSection(ExtensibilityGlobals) = postSolution
		SolutionGuid = {14A71B6F-F34F-4364-A3C5-2DA55FBE9199}
	EndGlobalSection
EndGlobal
